
Microsoft Visual Studio Solution File, Format Version 12.00
# Visual Studio 15
VisualStudioVersion = 15.0.26430.6
MinimumVisualStudioVersion = 10.0.40219.1
Project("{FAE04EC0-301F-11D3-BF4B-00C04F79EFBC}") = "Reminder", "Reminder\Reminder.csproj", "{BA203406-9882-43D3-ACD1-381B2B0773B0}"
EndProject
Global
	GlobalSection(SolutionConfigurationPlatforms) = preSolution
		Debug|Any CPU = Debug|Any CPU
		Debug|x64 = Debug|x64
		Release|Any CPU = Release|Any CPU
		Release|x64 = Release|x64
	EndGlobalSection
	GlobalSection(ProjectConfigurationPlatforms) = postSolution
		{BA203406-9882-43D3-ACD1-381B2B0773B0}.Debug|Any CPU.ActiveCfg = Debug|Any CPU
		{BA203406-9882-43D3-ACD1-381B2B0773B0}.Debug|Any CPU.Build.0 = Debug|Any CPU
		{BA203406-9882-43D3-ACD1-381B2B0773B0}.Debug|x64.ActiveCfg = Debug|Any CPU
		{BA203406-9882-43D3-ACD1-381B2B0773B0}.Debug|x64.Build.0 = Debug|Any CPU
		{BA203406-9882-43D3-ACD1-381B2B0773B0}.Release|Any CPU.ActiveCfg = Release|Any CPU
		{BA203406-9882-43D3-ACD1-381B2B0773B0}.Release|Any CPU.Build.0 = Release|Any CPU
		{BA203406-9882-43D3-ACD1-381B2B0773B0}.Release|x64.ActiveCfg = Release|x64
		{BA203406-9882-43D3-ACD1-381B2B0773B0}.Release|x64.Build.0 = Release|x64
	EndGlobalSection
	GlobalSection(SolutionProperties) = preSolution
		HideSolutionNode = FALSE
	EndGlobalSection
	GlobalSection(ExtensibilityGlobals) = postSolution
		SolutionGuid = {97BED06B-EF33-4A00-B873-2C10462A7107}
	EndGlobalSection
EndGlobal
